
Microsoft Visual Studio Solution File, Format Version 12.00
# Visual Studio Version 17
VisualStudioVersion = 17.1.32421.90
MinimumVisualStudioVersion = 10.0.40219.1
Project("{FAE04EC0-301F-11D3-BF4B-00C04F79EFBC}") = "CrudUsuarios", "CrudUsuarios.csproj", "{39899AB7-0B6C-404B-ABDB-478806690EF7}"
EndProject
Project("{FAE04EC0-301F-11D3-BF4B-00C04F79EFBC}") = "CrudUsuariosTestes", "..\CrudUsuariosTestes\CrudUsuariosTestes.csproj", "{86814867-D67C-42F7-A21F-EB42BC58F3E5}"
EndProject
Global
	GlobalSection(SolutionConfigurationPlatforms) = preSolution
		Debug|Any CPU = Debug|Any CPU
		Release|Any CPU = Release|Any CPU
	EndGlobalSection
	GlobalSection(ProjectConfigurationPlatforms) = postSolution
		{39899AB7-0B6C-404B-ABDB-478806690EF7}.Debug|Any CPU.ActiveCfg = Debug|Any CPU
		{39899AB7-0B6C-404B-ABDB-478806690EF7}.Debug|Any CPU.Build.0 = Debug|Any CPU
		{39899AB7-0B6C-404B-ABDB-478806690EF7}.Release|Any CPU.ActiveCfg = Release|Any CPU
		{39899AB7-0B6C-404B-ABDB-478806690EF7}.Release|Any CPU.Build.0 = Release|Any CPU
		{86814867-D67C-42F7-A21F-EB42BC58F3E5}.Debug|Any CPU.ActiveCfg = Debug|Any CPU
		{86814867-D67C-42F7-A21F-EB42BC58F3E5}.Debug|Any CPU.Build.0 = Debug|Any CPU
		{86814867-D67C-42F7-A21F-EB42BC58F3E5}.Release|Any CPU.ActiveCfg = Release|Any CPU
		{86814867-D67C-42F7-A21F-EB42BC58F3E5}.Release|Any CPU.Build.0 = Release|Any CPU
	EndGlobalSection
	GlobalSection(SolutionProperties) = preSolution
		HideSolutionNode = FALSE
	EndGlobalSection
	GlobalSection(ExtensibilityGlobals) = postSolution
		SolutionGuid = {12610CE8-821F-4CC7-9144-517084036C9C}
	EndGlobalSection
EndGlobal
